// !$*UTF8*$!
{
	archiveVersion = 1;
	classes = {
	};
	objectVersion = 50;
	objects = {

/* Begin PBXBuildFile section */
		CC1576C922127D6C00FE1F6E /* AppDelegate.swift in Sources */ = {isa = PBXBuildFile; fileRef = CC1576C822127D6C00FE1F6E /* AppDelegate.swift */; };
		CC1576CB22127D6C00FE1F6E /* SetupController.swift in Sources */ = {isa = PBXBuildFile; fileRef = CC1576CA22127D6C00FE1F6E /* SetupController.swift */; };
		CC1576CE22127D6C00FE1F6E /* Main.storyboard in Resources */ = {isa = PBXBuildFile; fileRef = CC1576CC22127D6C00FE1F6E /* Main.storyboard */; };
		CC1576D022127D6E00FE1F6E /* Assets.xcassets in Resources */ = {isa = PBXBuildFile; fileRef = CC1576CF22127D6E00FE1F6E /* Assets.xcassets */; };
		CC1576D322127D6E00FE1F6E /* LaunchScreen.storyboard in Resources */ = {isa = PBXBuildFile; fileRef = CC1576D122127D6E00FE1F6E /* LaunchScreen.storyboard */; };
		CC1576DB22127F3D00FE1F6E /* NMSSH.framework in Frameworks */ = {isa = PBXBuildFile; fileRef = CC1576DA22127F3D00FE1F6E /* NMSSH.framework */; };
		CC1576DD22127F5700FE1F6E /* NMSSH.framework in Embed Frameworks */ = {isa = PBXBuildFile; fileRef = CC1576DA22127F3D00FE1F6E /* NMSSH.framework */; settings = {ATTRIBUTES = (CodeSignOnCopy, RemoveHeadersOnCopy, ); }; };
		CC1576E02212839500FE1F6E /* MyCloud.swift in Sources */ = {isa = PBXBuildFile; fileRef = CC1576DF2212839500FE1F6E /* MyCloud.swift */; };
		CC1576E32212888800FE1F6E /* TabBarController.swift in Sources */ = {isa = PBXBuildFile; fileRef = CC1576E22212888800FE1F6E /* TabBarController.swift */; };
		CC1576E622128A5F00FE1F6E /* LocalDirectory.swift in Sources */ = {isa = PBXBuildFile; fileRef = CC1576E522128A5F00FE1F6E /* LocalDirectory.swift */; };
		CC1576EA22129A9700FE1F6E /* Universal.swift in Sources */ = {isa = PBXBuildFile; fileRef = CC1576E922129A9700FE1F6E /* Universal.swift */; };
		CC1576EE2212A65100FE1F6E /* NSString+AESCrypt.m in Sources */ = {isa = PBXBuildFile; fileRef = CC1576ED2212A65100FE1F6E /* NSString+AESCrypt.m */; };
		CC1576F22212A6BA00FE1F6E /* NSData+AESCrypt.m in Sources */ = {isa = PBXBuildFile; fileRef = CC1576F12212A6BA00FE1F6E /* NSData+AESCrypt.m */; };
		CC6384A322135F43002FA7E3 /* FileCell.swift in Sources */ = {isa = PBXBuildFile; fileRef = CC6384A222135F43002FA7E3 /* FileCell.swift */; };
		CC6384A522140166002FA7E3 /* AddContentTableViewController.swift in Sources */ = {isa = PBXBuildFile; fileRef = CC6384A422140166002FA7E3 /* AddContentTableViewController.swift */; };
		CC6384A722147DB0002FA7E3 /* EditableTextCellTableViewCell.swift in Sources */ = {isa = PBXBuildFile; fileRef = CC6384A622147DB0002FA7E3 /* EditableTextCellTableViewCell.swift */; };
		CC6384AA22150EF6002FA7E3 /* ContentTypeTableViewController.swift in Sources */ = {isa = PBXBuildFile; fileRef = CC6384A922150EF6002FA7E3 /* ContentTypeTableViewController.swift */; };
/* End PBXBuildFile section */

/* Begin PBXCopyFilesBuildPhase section */
		CC1576DE22127F5700FE1F6E /* Embed Frameworks */ = {
			isa = PBXCopyFilesBuildPhase;
			buildActionMask = 2147483647;
			dstPath = "";
			dstSubfolderSpec = 10;
			files = (
				CC1576DD22127F5700FE1F6E /* NMSSH.framework in Embed Frameworks */,
			);
			name = "Embed Frameworks";
			runOnlyForDeploymentPostprocessing = 0;
		};
/* End PBXCopyFilesBuildPhase section */

/* Begin PBXFileReference section */
		CC1576C522127D6C00FE1F6E /* BerkeleyCloud.app */ = {isa = PBXFileReference; explicitFileType = wrapper.application; includeInIndex = 0; path = BerkeleyCloud.app; sourceTree = BUILT_PRODUCTS_DIR; };
		CC1576C822127D6C00FE1F6E /* AppDelegate.swift */ = {isa = PBXFileReference; lastKnownFileType = sourcecode.swift; path = AppDelegate.swift; sourceTree = "<group>"; };
		CC1576CA22127D6C00FE1F6E /* SetupController.swift */ = {isa = PBXFileReference; lastKnownFileType = sourcecode.swift; path = SetupController.swift; sourceTree = "<group>"; };
		CC1576CD22127D6C00FE1F6E /* Base */ = {isa = PBXFileReference; lastKnownFileType = file.storyboard; name = Base; path = Base.lproj/Main.storyboard; sourceTree = "<group>"; };
		CC1576CF22127D6E00FE1F6E /* Assets.xcassets */ = {isa = PBXFileReference; lastKnownFileType = folder.assetcatalog; path = Assets.xcassets; sourceTree = "<group>"; };
		CC1576D222127D6E00FE1F6E /* Base */ = {isa = PBXFileReference; lastKnownFileType = file.storyboard; name = Base; path = Base.lproj/LaunchScreen.storyboard; sourceTree = "<group>"; };
		CC1576D422127D6E00FE1F6E /* Info.plist */ = {isa = PBXFileReference; lastKnownFileType = text.plist.xml; path = Info.plist; sourceTree = "<group>"; };
		CC1576DA22127F3D00FE1F6E /* NMSSH.framework */ = {isa = PBXFileReference; lastKnownFileType = wrapper.framework; path = NMSSH.framework; sourceTree = "<group>"; };
		CC1576DF2212839500FE1F6E /* MyCloud.swift */ = {isa = PBXFileReference; lastKnownFileType = sourcecode.swift; path = MyCloud.swift; sourceTree = "<group>"; };
		CC1576E22212888800FE1F6E /* TabBarController.swift */ = {isa = PBXFileReference; lastKnownFileType = sourcecode.swift; path = TabBarController.swift; sourceTree = "<group>"; };
		CC1576E522128A5F00FE1F6E /* LocalDirectory.swift */ = {isa = PBXFileReference; lastKnownFileType = sourcecode.swift; path = LocalDirectory.swift; sourceTree = "<group>"; };
		CC1576E922129A9700FE1F6E /* Universal.swift */ = {isa = PBXFileReference; lastKnownFileType = sourcecode.swift; path = Universal.swift; sourceTree = "<group>"; };
		CC1576EB2212A65000FE1F6E /* Bridging-Header.h */ = {isa = PBXFileReference; lastKnownFileType = sourcecode.c.h; path = "Bridging-Header.h"; sourceTree = "<group>"; };
		CC1576EC2212A65000FE1F6E /* NSString+AESCrypt.h */ = {isa = PBXFileReference; fileEncoding = 4; lastKnownFileType = sourcecode.c.h; path = "NSString+AESCrypt.h"; sourceTree = "<group>"; };
		CC1576ED2212A65100FE1F6E /* NSString+AESCrypt.m */ = {isa = PBXFileReference; fileEncoding = 4; lastKnownFileType = sourcecode.c.objc; path = "NSString+AESCrypt.m"; sourceTree = "<group>"; };
		CC1576F02212A6BA00FE1F6E /* NSData+AESCrypt.h */ = {isa = PBXFileReference; fileEncoding = 4; lastKnownFileType = sourcecode.c.h; path = "NSData+AESCrypt.h"; sourceTree = "<group>"; };
		CC1576F12212A6BA00FE1F6E /* NSData+AESCrypt.m */ = {isa = PBXFileReference; fileEncoding = 4; lastKnownFileType = sourcecode.c.objc; path = "NSData+AESCrypt.m"; sourceTree = "<group>"; };
		CC6384A222135F43002FA7E3 /* FileCell.swift */ = {isa = PBXFileReference; lastKnownFileType = sourcecode.swift; path = FileCell.swift; sourceTree = "<group>"; };
		CC6384A422140166002FA7E3 /* AddContentTableViewController.swift */ = {isa = PBXFileReference; lastKnownFileType = sourcecode.swift; path = AddContentTableViewController.swift; sourceTree = "<group>"; };
		CC6384A622147DB0002FA7E3 /* EditableTextCellTableViewCell.swift */ = {isa = PBXFileReference; lastKnownFileType = sourcecode.swift; path = EditableTextCellTableViewCell.swift; sourceTree = "<group>"; };
		CC6384A922150EF6002FA7E3 /* ContentTypeTableViewController.swift */ = {isa = PBXFileReference; lastKnownFileType = sourcecode.swift; path = ContentTypeTableViewController.swift; sourceTree = "<group>"; };
/* End PBXFileReference section */

/* Begin PBXFrameworksBuildPhase section */
		CC1576C222127D6C00FE1F6E /* Frameworks */ = {
			isa = PBXFrameworksBuildPhase;
			buildActionMask = 2147483647;
			files = (
				CC1576DB22127F3D00FE1F6E /* NMSSH.framework in Frameworks */,
			);
			runOnlyForDeploymentPostprocessing = 0;
		};
/* End PBXFrameworksBuildPhase section */

/* Begin PBXGroup section */
		CC1576BC22127D6C00FE1F6E = {
			isa = PBXGroup;
			children = (
				CC1576C722127D6C00FE1F6E /* BerkeleyCloud */,
				CC1576C622127D6C00FE1F6E /* Products */,
			);
			sourceTree = "<group>";
		};
		CC1576C622127D6C00FE1F6E /* Products */ = {
			isa = PBXGroup;
			children = (
				CC1576C522127D6C00FE1F6E /* BerkeleyCloud.app */,
			);
			name = Products;
			sourceTree = "<group>";
		};
		CC1576C722127D6C00FE1F6E /* BerkeleyCloud */ = {
			isa = PBXGroup;
			children = (
				CC1576EF2212A67800FE1F6E /* Objective-C */,
				CC1576E922129A9700FE1F6E /* Universal.swift */,
				CC1576C822127D6C00FE1F6E /* AppDelegate.swift */,
				CC1576CA22127D6C00FE1F6E /* SetupController.swift */,
				CC1576E22212888800FE1F6E /* TabBarController.swift */,
				CC6384A822150E14002FA7E3 /* Helper Classes */,
				CC1576E12212839D00FE1F6E /* Tab Bar View Controllers */,
				CC1576E4221289E400FE1F6E /* Unused */,
				CC1576DA22127F3D00FE1F6E /* NMSSH.framework */,
				CC1576CF22127D6E00FE1F6E /* Assets.xcassets */,
				CC1576D122127D6E00FE1F6E /* LaunchScreen.storyboard */,
				CC1576D422127D6E00FE1F6E /* Info.plist */,
			);
			path = BerkeleyCloud;
			sourceTree = "<group>";
		};
		CC1576E12212839D00FE1F6E /* Tab Bar View Controllers */ = {
			isa = PBXGroup;
			children = (
				CC1576DF2212839500FE1F6E /* MyCloud.swift */,
				CC1576E522128A5F00FE1F6E /* LocalDirectory.swift */,
			);
			path = "Tab Bar View Controllers";
			sourceTree = "<group>";
		};
		CC1576E4221289E400FE1F6E /* Unused */ = {
			isa = PBXGroup;
			children = (
				CC1576CC22127D6C00FE1F6E /* Main.storyboard */,
			);
			path = Unused;
			sourceTree = "<group>";
		};
		CC1576EF2212A67800FE1F6E /* Objective-C */ = {
			isa = PBXGroup;
			children = (
				CC1576F02212A6BA00FE1F6E /* NSData+AESCrypt.h */,
				CC1576F12212A6BA00FE1F6E /* NSData+AESCrypt.m */,
				CC1576EC2212A65000FE1F6E /* NSString+AESCrypt.h */,
				CC1576ED2212A65100FE1F6E /* NSString+AESCrypt.m */,
				CC1576EB2212A65000FE1F6E /* Bridging-Header.h */,
			);
			path = "Objective-C";
			sourceTree = "<group>";
		};
		CC6384A822150E14002FA7E3 /* Helper Classes */ = {
			isa = PBXGroup;
			children = (
				CC6384A622147DB0002FA7E3 /* EditableTextCellTableViewCell.swift */,
				CC6384A422140166002FA7E3 /* AddContentTableViewController.swift */,
				CC6384A922150EF6002FA7E3 /* ContentTypeTableViewController.swift */,
				CC6384A222135F43002FA7E3 /* FileCell.swift */,
			);
			path = "Helper Classes";
			sourceTree = "<group>";
		};
/* End PBXGroup section */

/* Begin PBXNativeTarget section */
		CC1576C422127D6C00FE1F6E /* BerkeleyCloud */ = {
			isa = PBXNativeTarget;
			buildConfigurationList = CC1576D722127D6E00FE1F6E /* Build configuration list for PBXNativeTarget "BerkeleyCloud" */;
			buildPhases = (
				CC1576C122127D6C00FE1F6E /* Sources */,
				CC1576C222127D6C00FE1F6E /* Frameworks */,
				CC1576C322127D6C00FE1F6E /* Resources */,
				CC1576DE22127F5700FE1F6E /* Embed Frameworks */,
			);
			buildRules = (
			);
			dependencies = (
			);
			name = BerkeleyCloud;
			productName = BerkeleyCloud;
			productReference = CC1576C522127D6C00FE1F6E /* BerkeleyCloud.app */;
			productType = "com.apple.product-type.application";
		};
/* End PBXNativeTarget section */

/* Begin PBXProject section */
		CC1576BD22127D6C00FE1F6E /* Project object */ = {
			isa = PBXProject;
			attributes = {
				LastSwiftUpdateCheck = 1010;
				LastUpgradeCheck = 1010;
				ORGANIZATIONNAME = "UC Berkeley";
				TargetAttributes = {
					CC1576C422127D6C00FE1F6E = {
						CreatedOnToolsVersion = 10.1;
						LastSwiftMigration = 1010;
					};
				};
			};
			buildConfigurationList = CC1576C022127D6C00FE1F6E /* Build configuration list for PBXProject "BerkeleyCloud" */;
			compatibilityVersion = "Xcode 9.3";
			developmentRegion = en;
			hasScannedForEncodings = 0;
			knownRegions = (
				en,
				Base,
			);
			mainGroup = CC1576BC22127D6C00FE1F6E;
			productRefGroup = CC1576C622127D6C00FE1F6E /* Products */;
			projectDirPath = "";
			projectRoot = "";
			targets = (
				CC1576C422127D6C00FE1F6E /* BerkeleyCloud */,
			);
		};
/* End PBXProject section */

/* Begin PBXResourcesBuildPhase section */
		CC1576C322127D6C00FE1F6E /* Resources */ = {
			isa = PBXResourcesBuildPhase;
			buildActionMask = 2147483647;
			files = (
				CC1576D322127D6E00FE1F6E /* LaunchScreen.storyboard in Resources */,
				CC1576D022127D6E00FE1F6E /* Assets.xcassets in Resources */,
				CC1576CE22127D6C00FE1F6E /* Main.storyboard in Resources */,
			);
			runOnlyForDeploymentPostprocessing = 0;
		};
/* End PBXResourcesBuildPhase section */

/* Begin PBXSourcesBuildPhase section */
		CC1576C122127D6C00FE1F6E /* Sources */ = {
			isa = PBXSourcesBuildPhase;
			buildActionMask = 2147483647;
			files = (
				CC1576F22212A6BA00FE1F6E /* NSData+AESCrypt.m in Sources */,
				CC1576CB22127D6C00FE1F6E /* SetupController.swift in Sources */,
				CC6384A322135F43002FA7E3 /* FileCell.swift in Sources */,
				CC6384A722147DB0002FA7E3 /* EditableTextCellTableViewCell.swift in Sources */,
				CC6384AA22150EF6002FA7E3 /* ContentTypeTableViewController.swift in Sources */,
				CC1576E32212888800FE1F6E /* TabBarController.swift in Sources */,
				CC6384A522140166002FA7E3 /* AddContentTableViewController.swift in Sources */,
				CC1576E02212839500FE1F6E /* MyCloud.swift in Sources */,
				CC1576EE2212A65100FE1F6E /* NSString+AESCrypt.m in Sources */,
				CC1576EA22129A9700FE1F6E /* Universal.swift in Sources */,
				CC1576E622128A5F00FE1F6E /* LocalDirectory.swift in Sources */,
				CC1576C922127D6C00FE1F6E /* AppDelegate.swift in Sources */,
			);
			runOnlyForDeploymentPostprocessing = 0;
		};
/* End PBXSourcesBuildPhase section */

/* Begin PBXVariantGroup section */
		CC1576CC22127D6C00FE1F6E /* Main.storyboard */ = {
			isa = PBXVariantGroup;
			children = (
				CC1576CD22127D6C00FE1F6E /* Base */,
			);
			name = Main.storyboard;
			sourceTree = "<group>";
		};
		CC1576D122127D6E00FE1F6E /* LaunchScreen.storyboard */ = {
			isa = PBXVariantGroup;
			children = (
				CC1576D222127D6E00FE1F6E /* Base */,
			);
			name = LaunchScreen.storyboard;
			sourceTree = "<group>";
		};
/* End PBXVariantGroup section */

/* Begin XCBuildConfiguration section */
		CC1576D522127D6E00FE1F6E /* Debug */ = {
			isa = XCBuildConfiguration;
			buildSettings = {
				ALWAYS_SEARCH_USER_PATHS = NO;
				CLANG_ANALYZER_NONNULL = YES;
				CLANG_ANALYZER_NUMBER_OBJECT_CONVERSION = YES_AGGRESSIVE;
				CLANG_CXX_LANGUAGE_STANDARD = "gnu++14";
				CLANG_CXX_LIBRARY = "libc++";
				CLANG_ENABLE_MODULES = YES;
				CLANG_ENABLE_OBJC_ARC = YES;
				CLANG_ENABLE_OBJC_WEAK = YES;
				CLANG_WARN_BLOCK_CAPTURE_AUTORELEASING = YES;
				CLANG_WARN_BOOL_CONVERSION = YES;
				CLANG_WARN_COMMA = YES;
				CLANG_WARN_CONSTANT_CONVERSION = YES;
				CLANG_WARN_DEPRECATED_OBJC_IMPLEMENTATIONS = YES;
				CLANG_WARN_DIRECT_OBJC_ISA_USAGE = YES_ERROR;
				CLANG_WARN_DOCUMENTATION_COMMENTS = YES;
				CLANG_WARN_EMPTY_BODY = YES;
				CLANG_WARN_ENUM_CONVERSION = YES;
				CLANG_WARN_INFINITE_RECURSION = YES;
				CLANG_WARN_INT_CONVERSION = YES;
				CLANG_WARN_NON_LITERAL_NULL_CONVERSION = YES;
				CLANG_WARN_OBJC_IMPLICIT_RETAIN_SELF = YES;
				CLANG_WARN_OBJC_LITERAL_CONVERSION = YES;
				CLANG_WARN_OBJC_ROOT_CLASS = YES_ERROR;
				CLANG_WARN_RANGE_LOOP_ANALYSIS = YES;
				CLANG_WARN_STRICT_PROTOTYPES = YES;
				CLANG_WARN_SUSPICIOUS_MOVE = YES;
				CLANG_WARN_UNGUARDED_AVAILABILITY = YES_AGGRESSIVE;
				CLANG_WARN_UNREACHABLE_CODE = YES;
				CLANG_WARN__DUPLICATE_METHOD_MATCH = YES;
				CODE_SIGN_IDENTITY = "iPhone Developer";
				COPY_PHASE_STRIP = NO;
				DEBUG_INFORMATION_FORMAT = dwarf;
				ENABLE_STRICT_OBJC_MSGSEND = YES;
				ENABLE_TESTABILITY = YES;
				GCC_C_LANGUAGE_STANDARD = gnu11;
				GCC_DYNAMIC_NO_PIC = NO;
				GCC_NO_COMMON_BLOCKS = YES;
				GCC_OPTIMIZATION_LEVEL = 0;
				GCC_PREPROCESSOR_DEFINITIONS = (
					"DEBUG=1",
					"$(inherited)",
				);
				GCC_WARN_64_TO_32_BIT_CONVERSION = YES;
				GCC_WARN_ABOUT_RETURN_TYPE = YES_ERROR;
				GCC_WARN_UNDECLARED_SELECTOR = YES;
				GCC_WARN_UNINITIALIZED_AUTOS = YES_AGGRESSIVE;
				GCC_WARN_UNUSED_FUNCTION = YES;
				GCC_WARN_UNUSED_VARIABLE = YES;
				IPHONEOS_DEPLOYMENT_TARGET = 12.1;
				MTL_ENABLE_DEBUG_INFO = INCLUDE_SOURCE;
				MTL_FAST_MATH = YES;
				ONLY_ACTIVE_ARCH = YES;
				SDKROOT = iphoneos;
				SWIFT_ACTIVE_COMPILATION_CONDITIONS = DEBUG;
				SWIFT_OPTIMIZATION_LEVEL = "-Onone";
			};
			name = Debug;
		};
		CC1576D622127D6E00FE1F6E /* Release */ = {
			isa = XCBuildConfiguration;
			buildSettings = {
				ALWAYS_SEARCH_USER_PATHS = NO;
				CLANG_ANALYZER_NONNULL = YES;
				CLANG_ANALYZER_NUMBER_OBJECT_CONVERSION = YES_AGGRESSIVE;
				CLANG_CXX_LANGUAGE_STANDARD = "gnu++14";
				CLANG_CXX_LIBRARY = "libc++";
				CLANG_ENABLE_MODULES = YES;
				CLANG_ENABLE_OBJC_ARC = YES;
				CLANG_ENABLE_OBJC_WEAK = YES;
				CLANG_WARN_BLOCK_CAPTURE_AUTORELEASING = YES;
				CLANG_WARN_BOOL_CONVERSION = YES;
				CLANG_WARN_COMMA = YES;
				CLANG_WARN_CONSTANT_CONVERSION = YES;
				CLANG_WARN_DEPRECATED_OBJC_IMPLEMENTATIONS = YES;
				CLANG_WARN_DIRECT_OBJC_ISA_USAGE = YES_ERROR;
				CLANG_WARN_DOCUMENTATION_COMMENTS = YES;
				CLANG_WARN_EMPTY_BODY = YES;
				CLANG_WARN_ENUM_CONVERSION = YES;
				CLANG_WARN_INFINITE_RECURSION = YES;
				CLANG_WARN_INT_CONVERSION = YES;
				CLANG_WARN_NON_LITERAL_NULL_CONVERSION = YES;
				CLANG_WARN_OBJC_IMPLICIT_RETAIN_SELF = YES;
				CLANG_WARN_OBJC_LITERAL_CONVERSION = YES;
				CLANG_WARN_OBJC_ROOT_CLASS = YES_ERROR;
				CLANG_WARN_RANGE_LOOP_ANALYSIS = YES;
				CLANG_WARN_STRICT_PROTOTYPES = YES;
				CLANG_WARN_SUSPICIOUS_MOVE = YES;
				CLANG_WARN_UNGUARDED_AVAILABILITY = YES_AGGRESSIVE;
				CLANG_WARN_UNREACHABLE_CODE = YES;
				CLANG_WARN__DUPLICATE_METHOD_MATCH = YES;
				CODE_SIGN_IDENTITY = "iPhone Developer";
				COPY_PHASE_STRIP = NO;
				DEBUG_INFORMATION_FORMAT = "dwarf-with-dsym";
				ENABLE_NS_ASSERTIONS = NO;
				ENABLE_STRICT_OBJC_MSGSEND = YES;
				GCC_C_LANGUAGE_STANDARD = gnu11;
				GCC_NO_COMMON_BLOCKS = YES;
				GCC_WARN_64_TO_32_BIT_CONVERSION = YES;
				GCC_WARN_ABOUT_RETURN_TYPE = YES_ERROR;
				GCC_WARN_UNDECLARED_SELECTOR = YES;
				GCC_WARN_UNINITIALIZED_AUTOS = YES_AGGRESSIVE;
				GCC_WARN_UNUSED_FUNCTION = YES;
				GCC_WARN_UNUSED_VARIABLE = YES;
				IPHONEOS_DEPLOYMENT_TARGET = 12.1;
				MTL_ENABLE_DEBUG_INFO = NO;
				MTL_FAST_MATH = YES;
				SDKROOT = iphoneos;
				SWIFT_COMPILATION_MODE = wholemodule;
				SWIFT_OPTIMIZATION_LEVEL = "-O";
				VALIDATE_PRODUCT = YES;
			};
			name = Release;
		};
		CC1576D822127D6E00FE1F6E /* Debug */ = {
			isa = XCBuildConfiguration;
			buildSettings = {
				ASSETCATALOG_COMPILER_APPICON_NAME = AppIcon;
				CLANG_ENABLE_MODULES = YES;
				CODE_SIGN_STYLE = Automatic;
				DEVELOPMENT_TEAM = GR353CPP2V;
				FRAMEWORK_SEARCH_PATHS = (
					"$(inherited)",
					"$(PROJECT_DIR)/BerkeleyCloud",
				);
				INFOPLIST_FILE = BerkeleyCloud/Info.plist;
				IPHONEOS_DEPLOYMENT_TARGET = 11;
				LD_RUNPATH_SEARCH_PATHS = (
					"$(inherited)",
					"@executable_path/Frameworks",
				);
				PRODUCT_BUNDLE_IDENTIFIER = com.themoon2000.BerkeleyCloud;
				PRODUCT_NAME = "$(TARGET_NAME)";
				SWIFT_OBJC_BRIDGING_HEADER = "BerkeleyCloud/Objective-C/Bridging-Header.h";
				SWIFT_OPTIMIZATION_LEVEL = "-Onone";
				SWIFT_VERSION = 4.2;
				TARGETED_DEVICE_FAMILY = "1,2";
			};
			name = Debug;
		};
		CC1576D922127D6E00FE1F6E /* Release */ = {
			isa = XCBuildConfiguration;
			buildSettings = {
				ASSETCATALOG_COMPILER_APPICON_NAME = AppIcon;
				CLANG_ENABLE_MODULES = YES;
				CODE_SIGN_STYLE = Automatic;
				DEVELOPMENT_TEAM = GR353CPP2V;
				FRAMEWORK_SEARCH_PATHS = (
					"$(inherited)",
					"$(PROJECT_DIR)/BerkeleyCloud",
				);
				INFOPLIST_FILE = BerkeleyCloud/Info.plist;
				IPHONEOS_DEPLOYMENT_TARGET = 11;
				LD_RUNPATH_SEARCH_PATHS = (
					"$(inherited)",
					"@executable_path/Frameworks",
				);
				PRODUCT_BUNDLE_IDENTIFIER = com.themoon2000.BerkeleyCloud;
				PRODUCT_NAME = "$(TARGET_NAME)";
				SWIFT_OBJC_BRIDGING_HEADER = "BerkeleyCloud/Objective-C/Bridging-Header.h";
				SWIFT_VERSION = 4.2;
				TARGETED_DEVICE_FAMILY = "1,2";
			};
			name = Release;
		};
/* End XCBuildConfiguration section */

/* Begin XCConfigurationList section */
		CC1576C022127D6C00FE1F6E /* Build configuration list for PBXProject "BerkeleyCloud" */ = {
			isa = XCConfigurationList;
			buildConfigurations = (
				CC1576D522127D6E00FE1F6E /* Debug */,
				CC1576D622127D6E00FE1F6E /* Release */,
			);
			defaultConfigurationIsVisible = 0;
			defaultConfigurationName = Release;
		};
		CC1576D722127D6E00FE1F6E /* Build configuration list for PBXNativeTarget "BerkeleyCloud" */ = {
			isa = XCConfigurationList;
			buildConfigurations = (
				CC1576D822127D6E00FE1F6E /* Debug */,
				CC1576D922127D6E00FE1F6E /* Release */,
			);
			defaultConfigurationIsVisible = 0;
			defaultConfigurationName = Release;
		};
/* End XCConfigurationList section */
	};
	rootObject = CC1576BD22127D6C00FE1F6E /* Project object */;
}
